// !$*UTF8*$!
{
	archiveVersion = 1;
	classes = {
	};
	objectVersion = 56;
	objects = {

/* Begin PBXBuildFile section */
		486E90A52C1F02D5009FF728 /* ScoreboardView.swift in Sources */ = {isa = PBXBuildFile; fileRef = 486E90A42C1F02D5009FF728 /* ScoreboardView.swift */; };
		486E90A82C1F02EC009FF728 /* ScoreboardViewModel.swift in Sources */ = {isa = PBXBuildFile; fileRef = 486E90A72C1F02EC009FF728 /* ScoreboardViewModel.swift */; };
		486E90AA2C1F03B2009FF728 /* ScoreboardModel.swift in Sources */ = {isa = PBXBuildFile; fileRef = 486E90A92C1F03B2009FF728 /* ScoreboardModel.swift */; };
		486E90AC2C1F1302009FF728 /* WinsView.swift in Sources */ = {isa = PBXBuildFile; fileRef = 486E90AB2C1F1302009FF728 /* WinsView.swift */; };
		486E90AF2C1F15FB009FF728 /* WinsViewModel.swift in Sources */ = {isa = PBXBuildFile; fileRef = 486E90AE2C1F15FB009FF728 /* WinsViewModel.swift */; };
		486E90B12C1F5EFA009FF728 /* LetterInTileCounterView.swift in Sources */ = {isa = PBXBuildFile; fileRef = 486E90B02C1F5EFA009FF728 /* LetterInTileCounterView.swift */; };
		486E90B32C1F7E79009FF728 /* GameTabBarView.swift in Sources */ = {isa = PBXBuildFile; fileRef = 486E90B22C1F7E79009FF728 /* GameTabBarView.swift */; };
		486E90B52C1F86A7009FF728 /* ChipsOnHand.swift in Sources */ = {isa = PBXBuildFile; fileRef = 486E90B42C1F86A7009FF728 /* ChipsOnHand.swift */; };
		486E90B82C1F910A009FF728 /* GameRoomViewModel.swift in Sources */ = {isa = PBXBuildFile; fileRef = 486E90B72C1F910A009FF728 /* GameRoomViewModel.swift */; };
		7D8BF6052C1E7C87006734FB /* ChipField.swift in Sources */ = {isa = PBXBuildFile; fileRef = 7D8BF6042C1E7C87006734FB /* ChipField.swift */; };
		7D8BF6072C1E7D75006734FB /* ChipsOnField.swift in Sources */ = {isa = PBXBuildFile; fileRef = 7D8BF6062C1E7D75006734FB /* ChipsOnField.swift */; };
		7D8BF60A2C1E7DCC006734FB /* Coordinate.swift in Sources */ = {isa = PBXBuildFile; fileRef = 7D8BF6092C1E7DCC006734FB /* Coordinate.swift */; };
		7D8BF60C2C1E7DE4006734FB /* Chip.swift in Sources */ = {isa = PBXBuildFile; fileRef = 7D8BF60B2C1E7DE4006734FB /* Chip.swift */; };
		7D8BF60E2C1E9248006734FB /* ChipConstants.swift in Sources */ = {isa = PBXBuildFile; fileRef = 7D8BF60D2C1E9248006734FB /* ChipConstants.swift */; };
		A912A2F42C1DE864009B1091 /* Enums.swift in Sources */ = {isa = PBXBuildFile; fileRef = A912A2F32C1DE864009B1091 /* Enums.swift */; };
		A912A2F72C1E00DE009B1091 /* User.swift in Sources */ = {isa = PBXBuildFile; fileRef = A912A2F62C1E00DE009B1091 /* User.swift */; };
		A912A2FB2C1E058B009B1091 /* AllGameRoomsView.swift in Sources */ = {isa = PBXBuildFile; fileRef = A912A2FA2C1E058B009B1091 /* AllGameRoomsView.swift */; };
		A912A2FE2C1F1CFA009B1091 /* AllGameRoomsViewModel.swift in Sources */ = {isa = PBXBuildFile; fileRef = A912A2FD2C1F1CFA009B1091 /* AllGameRoomsViewModel.swift */; };
		A912A3002C1F1FE6009B1091 /* AuthService.swift in Sources */ = {isa = PBXBuildFile; fileRef = A912A2FF2C1F1FE6009B1091 /* AuthService.swift */; };
		A912A3022C1F53A8009B1091 /* AdminSettingsView.swift in Sources */ = {isa = PBXBuildFile; fileRef = A912A3012C1F53A8009B1091 /* AdminSettingsView.swift */; };
		A9FBADB62C19DD66001D802F /* ScrabbleGameApp.swift in Sources */ = {isa = PBXBuildFile; fileRef = A9FBADB52C19DD66001D802F /* ScrabbleGameApp.swift */; };
		A9FBADB82C19DD66001D802F /* ContentView.swift in Sources */ = {isa = PBXBuildFile; fileRef = A9FBADB72C19DD66001D802F /* ContentView.swift */; };
		A9FBADBA2C19DD67001D802F /* Assets.xcassets in Resources */ = {isa = PBXBuildFile; fileRef = A9FBADB92C19DD67001D802F /* Assets.xcassets */; };
		A9FBADBE2C19DD67001D802F /* Preview Assets.xcassets in Resources */ = {isa = PBXBuildFile; fileRef = A9FBADBD2C19DD67001D802F /* Preview Assets.xcassets */; };
		A9FBADC52C19DEAF001D802F /* NetworkService.swift in Sources */ = {isa = PBXBuildFile; fileRef = A9FBADC42C19DEAF001D802F /* NetworkService.swift */; };
		A9FBADC72C19E2D6001D802F /* GameRoom.swift in Sources */ = {isa = PBXBuildFile; fileRef = A9FBADC62C19E2D6001D802F /* GameRoom.swift */; };
		A9FBADCC2C19E7B3001D802F /* CreateGameRoomView.swift in Sources */ = {isa = PBXBuildFile; fileRef = A9FBADCB2C19E7B3001D802F /* CreateGameRoomView.swift */; };
		A9FBADCE2C19F0D9001D802F /* CustomTextViews.swift in Sources */ = {isa = PBXBuildFile; fileRef = A9FBADCD2C19F0D9001D802F /* CustomTextViews.swift */; };
		A9FBADD12C19F129001D802F /* CustomButtons.swift in Sources */ = {isa = PBXBuildFile; fileRef = A9FBADD02C19F129001D802F /* CustomButtons.swift */; };
		A9FBADD42C19F5B3001D802F /* GameRoomView.swift in Sources */ = {isa = PBXBuildFile; fileRef = A9FBADD32C19F5B3001D802F /* GameRoomView.swift */; };
/* End PBXBuildFile section */

/* Begin PBXFileReference section */
		486E90A42C1F02D5009FF728 /* ScoreboardView.swift */ = {isa = PBXFileReference; lastKnownFileType = sourcecode.swift; path = ScoreboardView.swift; sourceTree = "<group>"; };
		486E90A72C1F02EC009FF728 /* ScoreboardViewModel.swift */ = {isa = PBXFileReference; lastKnownFileType = sourcecode.swift; path = ScoreboardViewModel.swift; sourceTree = "<group>"; };
		486E90A92C1F03B2009FF728 /* ScoreboardModel.swift */ = {isa = PBXFileReference; lastKnownFileType = sourcecode.swift; path = ScoreboardModel.swift; sourceTree = "<group>"; };
		486E90AB2C1F1302009FF728 /* WinsView.swift */ = {isa = PBXFileReference; lastKnownFileType = sourcecode.swift; path = WinsView.swift; sourceTree = "<group>"; };
		486E90AE2C1F15FB009FF728 /* WinsViewModel.swift */ = {isa = PBXFileReference; lastKnownFileType = sourcecode.swift; path = WinsViewModel.swift; sourceTree = "<group>"; };
		486E90B02C1F5EFA009FF728 /* LetterInTileCounterView.swift */ = {isa = PBXFileReference; lastKnownFileType = sourcecode.swift; path = LetterInTileCounterView.swift; sourceTree = "<group>"; };
		486E90B22C1F7E79009FF728 /* GameTabBarView.swift */ = {isa = PBXFileReference; lastKnownFileType = sourcecode.swift; path = GameTabBarView.swift; sourceTree = "<group>"; };
		486E90B42C1F86A7009FF728 /* ChipsOnHand.swift */ = {isa = PBXFileReference; lastKnownFileType = sourcecode.swift; path = ChipsOnHand.swift; sourceTree = "<group>"; };
		486E90B72C1F910A009FF728 /* GameRoomViewModel.swift */ = {isa = PBXFileReference; lastKnownFileType = sourcecode.swift; path = GameRoomViewModel.swift; sourceTree = "<group>"; };
		7D8BF6042C1E7C87006734FB /* ChipField.swift */ = {isa = PBXFileReference; lastKnownFileType = sourcecode.swift; path = ChipField.swift; sourceTree = "<group>"; };
		7D8BF6062C1E7D75006734FB /* ChipsOnField.swift */ = {isa = PBXFileReference; lastKnownFileType = sourcecode.swift; path = ChipsOnField.swift; sourceTree = "<group>"; };
		7D8BF6092C1E7DCC006734FB /* Coordinate.swift */ = {isa = PBXFileReference; lastKnownFileType = sourcecode.swift; path = Coordinate.swift; sourceTree = "<group>"; };
		7D8BF60B2C1E7DE4006734FB /* Chip.swift */ = {isa = PBXFileReference; lastKnownFileType = sourcecode.swift; path = Chip.swift; sourceTree = "<group>"; };
		7D8BF60D2C1E9248006734FB /* ChipConstants.swift */ = {isa = PBXFileReference; lastKnownFileType = sourcecode.swift; path = ChipConstants.swift; sourceTree = "<group>"; };
		A912A2F32C1DE864009B1091 /* Enums.swift */ = {isa = PBXFileReference; lastKnownFileType = sourcecode.swift; path = Enums.swift; sourceTree = "<group>"; };
		A912A2F62C1E00DE009B1091 /* User.swift */ = {isa = PBXFileReference; lastKnownFileType = sourcecode.swift; path = User.swift; sourceTree = "<group>"; };
		A912A2FA2C1E058B009B1091 /* AllGameRoomsView.swift */ = {isa = PBXFileReference; lastKnownFileType = sourcecode.swift; path = AllGameRoomsView.swift; sourceTree = "<group>"; };
		A912A2FD2C1F1CFA009B1091 /* AllGameRoomsViewModel.swift */ = {isa = PBXFileReference; lastKnownFileType = sourcecode.swift; path = AllGameRoomsViewModel.swift; sourceTree = "<group>"; };
		A912A2FF2C1F1FE6009B1091 /* AuthService.swift */ = {isa = PBXFileReference; lastKnownFileType = sourcecode.swift; path = AuthService.swift; sourceTree = "<group>"; };
		A912A3012C1F53A8009B1091 /* AdminSettingsView.swift */ = {isa = PBXFileReference; lastKnownFileType = sourcecode.swift; path = AdminSettingsView.swift; sourceTree = "<group>"; };
		A9FBADB22C19DD66001D802F /* ScrabbleGame.app */ = {isa = PBXFileReference; explicitFileType = wrapper.application; includeInIndex = 0; path = ScrabbleGame.app; sourceTree = BUILT_PRODUCTS_DIR; };
		A9FBADB52C19DD66001D802F /* ScrabbleGameApp.swift */ = {isa = PBXFileReference; lastKnownFileType = sourcecode.swift; path = ScrabbleGameApp.swift; sourceTree = "<group>"; };
		A9FBADB72C19DD66001D802F /* ContentView.swift */ = {isa = PBXFileReference; lastKnownFileType = sourcecode.swift; path = ContentView.swift; sourceTree = "<group>"; };
		A9FBADB92C19DD67001D802F /* Assets.xcassets */ = {isa = PBXFileReference; lastKnownFileType = folder.assetcatalog; path = Assets.xcassets; sourceTree = "<group>"; };
		A9FBADBB2C19DD67001D802F /* ScrabbleGame.entitlements */ = {isa = PBXFileReference; lastKnownFileType = text.plist.entitlements; path = ScrabbleGame.entitlements; sourceTree = "<group>"; };
		A9FBADBD2C19DD67001D802F /* Preview Assets.xcassets */ = {isa = PBXFileReference; lastKnownFileType = folder.assetcatalog; path = "Preview Assets.xcassets"; sourceTree = "<group>"; };
		A9FBADC42C19DEAF001D802F /* NetworkService.swift */ = {isa = PBXFileReference; lastKnownFileType = sourcecode.swift; path = NetworkService.swift; sourceTree = "<group>"; };
		A9FBADC62C19E2D6001D802F /* GameRoom.swift */ = {isa = PBXFileReference; lastKnownFileType = sourcecode.swift; path = GameRoom.swift; sourceTree = "<group>"; };
		A9FBADCB2C19E7B3001D802F /* CreateGameRoomView.swift */ = {isa = PBXFileReference; lastKnownFileType = sourcecode.swift; path = CreateGameRoomView.swift; sourceTree = "<group>"; };
		A9FBADCD2C19F0D9001D802F /* CustomTextViews.swift */ = {isa = PBXFileReference; lastKnownFileType = sourcecode.swift; path = CustomTextViews.swift; sourceTree = "<group>"; };
		A9FBADD02C19F129001D802F /* CustomButtons.swift */ = {isa = PBXFileReference; lastKnownFileType = sourcecode.swift; path = CustomButtons.swift; sourceTree = "<group>"; };
		A9FBADD32C19F5B3001D802F /* GameRoomView.swift */ = {isa = PBXFileReference; lastKnownFileType = sourcecode.swift; path = GameRoomView.swift; sourceTree = "<group>"; };
/* End PBXFileReference section */

/* Begin PBXFrameworksBuildPhase section */
		A9FBADAF2C19DD66001D802F /* Frameworks */ = {
			isa = PBXFrameworksBuildPhase;
			buildActionMask = 2147483647;
			files = (
			);
			runOnlyForDeploymentPostprocessing = 0;
		};
/* End PBXFrameworksBuildPhase section */

/* Begin PBXGroup section */
		486E90A62C1F02D9009FF728 /* Scoreboard */ = {
			isa = PBXGroup;
			children = (
				486E90A42C1F02D5009FF728 /* ScoreboardView.swift */,
				486E90A72C1F02EC009FF728 /* ScoreboardViewModel.swift */,
			);
			path = Scoreboard;
			sourceTree = "<group>";
		};
		486E90AD2C1F15EC009FF728 /* Wins */ = {
			isa = PBXGroup;
			children = (
				486E90AB2C1F1302009FF728 /* WinsView.swift */,
				486E90AE2C1F15FB009FF728 /* WinsViewModel.swift */,
			);
			path = Wins;
			sourceTree = "<group>";
		};
		486E90B62C1F90E7009FF728 /* New Group */ = {
			isa = PBXGroup;
			children = (
			);
			path = "New Group";
			sourceTree = "<group>";
		};
		7D8BF6032C1E7C6F006734FB /* Chips */ = {
			isa = PBXGroup;
			children = (
				7D8BF6042C1E7C87006734FB /* ChipField.swift */,
			);
			path = Chips;
			sourceTree = "<group>";
		};
		7D8BF6082C1E7DBA006734FB /* Chips */ = {
			isa = PBXGroup;
			children = (
				7D8BF6062C1E7D75006734FB /* ChipsOnField.swift */,
				7D8BF6092C1E7DCC006734FB /* Coordinate.swift */,
				7D8BF60B2C1E7DE4006734FB /* Chip.swift */,
				7D8BF60D2C1E9248006734FB /* ChipConstants.swift */,
			);
			path = Chips;
			sourceTree = "<group>";
		};
		A912A2FC2C1F1CDC009B1091 /* AllGameRooms */ = {
			isa = PBXGroup;
			children = (
				A912A2FA2C1E058B009B1091 /* AllGameRoomsView.swift */,
				A912A2FD2C1F1CFA009B1091 /* AllGameRoomsViewModel.swift */,
			);
			path = AllGameRooms;
			sourceTree = "<group>";
		};
		A9FBADA92C19DD66001D802F = {
			isa = PBXGroup;
			children = (
				A9FBADB42C19DD66001D802F /* ScrabbleGame */,
				A9FBADB32C19DD66001D802F /* Products */,
			);
			sourceTree = "<group>";
		};
		A9FBADB32C19DD66001D802F /* Products */ = {
			isa = PBXGroup;
			children = (
				A9FBADB22C19DD66001D802F /* ScrabbleGame.app */,
			);
			name = Products;
			sourceTree = "<group>";
		};
		A9FBADB42C19DD66001D802F /* ScrabbleGame */ = {
			isa = PBXGroup;
			children = (
				A912A2F32C1DE864009B1091 /* Enums.swift */,
				A9FBADCA2C19E79C001D802F /* Views */,
				A9FBADC92C19E763001D802F /* Services */,
				A9FBADC82C19E74D001D802F /* Model */,
				A9FBADB52C19DD66001D802F /* ScrabbleGameApp.swift */,
				A9FBADB72C19DD66001D802F /* ContentView.swift */,
				A9FBADB92C19DD67001D802F /* Assets.xcassets */,
				A9FBADBB2C19DD67001D802F /* ScrabbleGame.entitlements */,
				A9FBADBC2C19DD67001D802F /* Preview Content */,
			);
			path = ScrabbleGame;
			sourceTree = "<group>";
		};
		A9FBADBC2C19DD67001D802F /* Preview Content */ = {
			isa = PBXGroup;
			children = (
				A9FBADBD2C19DD67001D802F /* Preview Assets.xcassets */,
			);
			path = "Preview Content";
			sourceTree = "<group>";
		};
		A9FBADC82C19E74D001D802F /* Model */ = {
			isa = PBXGroup;
			children = (
				486E90A92C1F03B2009FF728 /* ScoreboardModel.swift */,
				7D8BF6082C1E7DBA006734FB /* Chips */,
				A9FBADC62C19E2D6001D802F /* GameRoom.swift */,
				A912A2F62C1E00DE009B1091 /* User.swift */,
			);
			path = Model;
			sourceTree = "<group>";
		};
		A9FBADC92C19E763001D802F /* Services */ = {
			isa = PBXGroup;
			children = (
				A9FBADC42C19DEAF001D802F /* NetworkService.swift */,
				A912A2FF2C1F1FE6009B1091 /* AuthService.swift */,
			);
			path = Services;
			sourceTree = "<group>";
		};
		A9FBADCA2C19E79C001D802F /* Views */ = {
			isa = PBXGroup;
			children = (
				486E90B62C1F90E7009FF728 /* New Group */,
				486E90AD2C1F15EC009FF728 /* Wins */,
				486E90A62C1F02D9009FF728 /* Scoreboard */,
				7D8BF6032C1E7C6F006734FB /* Chips */,
				A9FBADD22C19F598001D802F /* GameRoom */,
				A9FBADCF2C19F0F4001D802F /* CustomViews */,
				486E90B02C1F5EFA009FF728 /* LetterInTileCounterView.swift */,
				486E90B22C1F7E79009FF728 /* GameTabBarView.swift */,
				486E90B42C1F86A7009FF728 /* ChipsOnHand.swift */,
			);
			path = Views;
			sourceTree = "<group>";
		};
		A9FBADCF2C19F0F4001D802F /* CustomViews */ = {
			isa = PBXGroup;
			children = (
				A9FBADCD2C19F0D9001D802F /* CustomTextViews.swift */,
				A9FBADD02C19F129001D802F /* CustomButtons.swift */,
			);
			path = CustomViews;
			sourceTree = "<group>";
		};
		A9FBADD22C19F598001D802F /* GameRoom */ = {
			isa = PBXGroup;
			children = (
				A912A2FC2C1F1CDC009B1091 /* AllGameRooms */,
				A9FBADCB2C19E7B3001D802F /* CreateGameRoomView.swift */,
				A9FBADD32C19F5B3001D802F /* GameRoomView.swift */,
				A912A3012C1F53A8009B1091 /* AdminSettingsView.swift */,
				486E90B72C1F910A009FF728 /* GameRoomViewModel.swift */,
			);
			path = GameRoom;
			sourceTree = "<group>";
		};
/* End PBXGroup section */

/* Begin PBXNativeTarget section */
		A9FBADB12C19DD66001D802F /* ScrabbleGame */ = {
			isa = PBXNativeTarget;
			buildConfigurationList = A9FBADC12C19DD67001D802F /* Build configuration list for PBXNativeTarget "ScrabbleGame" */;
			buildPhases = (
				A9FBADAE2C19DD66001D802F /* Sources */,
				A9FBADAF2C19DD66001D802F /* Frameworks */,
				A9FBADB02C19DD66001D802F /* Resources */,
			);
			buildRules = (
			);
			dependencies = (
			);
			name = ScrabbleGame;
			productName = ScrabbleGame;
			productReference = A9FBADB22C19DD66001D802F /* ScrabbleGame.app */;
			productType = "com.apple.product-type.application";
		};
/* End PBXNativeTarget section */

/* Begin PBXProject section */
		A9FBADAA2C19DD66001D802F /* Project object */ = {
			isa = PBXProject;
			attributes = {
				BuildIndependentTargetsInParallel = 1;
				LastSwiftUpdateCheck = 1530;
				LastUpgradeCheck = 1530;
				TargetAttributes = {
					A9FBADB12C19DD66001D802F = {
						CreatedOnToolsVersion = 15.3;
					};
				};
			};
			buildConfigurationList = A9FBADAD2C19DD66001D802F /* Build configuration list for PBXProject "ScrabbleGame" */;
			compatibilityVersion = "Xcode 14.0";
			developmentRegion = en;
			hasScannedForEncodings = 0;
			knownRegions = (
				en,
				Base,
			);
			mainGroup = A9FBADA92C19DD66001D802F;
			productRefGroup = A9FBADB32C19DD66001D802F /* Products */;
			projectDirPath = "";
			projectRoot = "";
			targets = (
				A9FBADB12C19DD66001D802F /* ScrabbleGame */,
			);
		};
/* End PBXProject section */

/* Begin PBXResourcesBuildPhase section */
		A9FBADB02C19DD66001D802F /* Resources */ = {
			isa = PBXResourcesBuildPhase;
			buildActionMask = 2147483647;
			files = (
				A9FBADBE2C19DD67001D802F /* Preview Assets.xcassets in Resources */,
				A9FBADBA2C19DD67001D802F /* Assets.xcassets in Resources */,
			);
			runOnlyForDeploymentPostprocessing = 0;
		};
/* End PBXResourcesBuildPhase section */

/* Begin PBXSourcesBuildPhase section */
		A9FBADAE2C19DD66001D802F /* Sources */ = {
			isa = PBXSourcesBuildPhase;
			buildActionMask = 2147483647;
			files = (
				A9FBADC72C19E2D6001D802F /* GameRoom.swift in Sources */,
				A912A3022C1F53A8009B1091 /* AdminSettingsView.swift in Sources */,
				A9FBADB82C19DD66001D802F /* ContentView.swift in Sources */,
				486E90B52C1F86A7009FF728 /* ChipsOnHand.swift in Sources */,
				7D8BF6072C1E7D75006734FB /* ChipsOnField.swift in Sources */,
				7D8BF6052C1E7C87006734FB /* ChipField.swift in Sources */,
				486E90A52C1F02D5009FF728 /* ScoreboardView.swift in Sources */,
				486E90AF2C1F15FB009FF728 /* WinsViewModel.swift in Sources */,
				A9FBADD12C19F129001D802F /* CustomButtons.swift in Sources */,
				A912A3002C1F1FE6009B1091 /* AuthService.swift in Sources */,
				A9FBADC52C19DEAF001D802F /* NetworkService.swift in Sources */,
				A9FBADCE2C19F0D9001D802F /* CustomTextViews.swift in Sources */,
				7D8BF60A2C1E7DCC006734FB /* Coordinate.swift in Sources */,
				A9FBADCC2C19E7B3001D802F /* CreateGameRoomView.swift in Sources */,
				A9FBADB62C19DD66001D802F /* ScrabbleGameApp.swift in Sources */,
				A912A2F42C1DE864009B1091 /* Enums.swift in Sources */,
				486E90A82C1F02EC009FF728 /* ScoreboardViewModel.swift in Sources */,
				A912A2FE2C1F1CFA009B1091 /* AllGameRoomsViewModel.swift in Sources */,
				486E90B12C1F5EFA009FF728 /* LetterInTileCounterView.swift in Sources */,
				A912A2F72C1E00DE009B1091 /* User.swift in Sources */,
				A912A2FB2C1E058B009B1091 /* AllGameRoomsView.swift in Sources */,
				486E90B82C1F910A009FF728 /* GameRoomViewModel.swift in Sources */,
				7D8BF60C2C1E7DE4006734FB /* Chip.swift in Sources */,
				A9FBADD42C19F5B3001D802F /* GameRoomView.swift in Sources */,
				486E90AC2C1F1302009FF728 /* WinsView.swift in Sources */,
				486E90AA2C1F03B2009FF728 /* ScoreboardModel.swift in Sources */,
				486E90B32C1F7E79009FF728 /* GameTabBarView.swift in Sources */,
				7D8BF60E2C1E9248006734FB /* ChipConstants.swift in Sources */,
			);
			runOnlyForDeploymentPostprocessing = 0;
		};
/* End PBXSourcesBuildPhase section */

/* Begin XCBuildConfiguration section */
		A9FBADBF2C19DD67001D802F /* Debug */ = {
			isa = XCBuildConfiguration;
			buildSettings = {
				ALWAYS_SEARCH_USER_PATHS = NO;
				ASSETCATALOG_COMPILER_GENERATE_SWIFT_ASSET_SYMBOL_EXTENSIONS = YES;
				CLANG_ANALYZER_NONNULL = YES;
				CLANG_ANALYZER_NUMBER_OBJECT_CONVERSION = YES_AGGRESSIVE;
				CLANG_CXX_LANGUAGE_STANDARD = "gnu++20";
				CLANG_ENABLE_MODULES = YES;
				CLANG_ENABLE_OBJC_ARC = YES;
				CLANG_ENABLE_OBJC_WEAK = YES;
				CLANG_WARN_BLOCK_CAPTURE_AUTORELEASING = YES;
				CLANG_WARN_BOOL_CONVERSION = YES;
				CLANG_WARN_COMMA = YES;
				CLANG_WARN_CONSTANT_CONVERSION = YES;
				CLANG_WARN_DEPRECATED_OBJC_IMPLEMENTATIONS = YES;
				CLANG_WARN_DIRECT_OBJC_ISA_USAGE = YES_ERROR;
				CLANG_WARN_DOCUMENTATION_COMMENTS = YES;
				CLANG_WARN_EMPTY_BODY = YES;
				CLANG_WARN_ENUM_CONVERSION = YES;
				CLANG_WARN_INFINITE_RECURSION = YES;
				CLANG_WARN_INT_CONVERSION = YES;
				CLANG_WARN_NON_LITERAL_NULL_CONVERSION = YES;
				CLANG_WARN_OBJC_IMPLICIT_RETAIN_SELF = YES;
				CLANG_WARN_OBJC_LITERAL_CONVERSION = YES;
				CLANG_WARN_OBJC_ROOT_CLASS = YES_ERROR;
				CLANG_WARN_QUOTED_INCLUDE_IN_FRAMEWORK_HEADER = YES;
				CLANG_WARN_RANGE_LOOP_ANALYSIS = YES;
				CLANG_WARN_STRICT_PROTOTYPES = YES;
				CLANG_WARN_SUSPICIOUS_MOVE = YES;
				CLANG_WARN_UNGUARDED_AVAILABILITY = YES_AGGRESSIVE;
				CLANG_WARN_UNREACHABLE_CODE = YES;
				CLANG_WARN__DUPLICATE_METHOD_MATCH = YES;
				COPY_PHASE_STRIP = NO;
				DEBUG_INFORMATION_FORMAT = dwarf;
				ENABLE_STRICT_OBJC_MSGSEND = YES;
				ENABLE_TESTABILITY = YES;
				ENABLE_USER_SCRIPT_SANDBOXING = YES;
				GCC_C_LANGUAGE_STANDARD = gnu17;
				GCC_DYNAMIC_NO_PIC = NO;
				GCC_NO_COMMON_BLOCKS = YES;
				GCC_OPTIMIZATION_LEVEL = 0;
				GCC_PREPROCESSOR_DEFINITIONS = (
					"DEBUG=1",
					"$(inherited)",
				);
				GCC_WARN_64_TO_32_BIT_CONVERSION = YES;
				GCC_WARN_ABOUT_RETURN_TYPE = YES_ERROR;
				GCC_WARN_UNDECLARED_SELECTOR = YES;
				GCC_WARN_UNINITIALIZED_AUTOS = YES_AGGRESSIVE;
				GCC_WARN_UNUSED_FUNCTION = YES;
				GCC_WARN_UNUSED_VARIABLE = YES;
				LOCALIZATION_PREFERS_STRING_CATALOGS = YES;
				MTL_ENABLE_DEBUG_INFO = INCLUDE_SOURCE;
				MTL_FAST_MATH = YES;
				ONLY_ACTIVE_ARCH = YES;
				SWIFT_ACTIVE_COMPILATION_CONDITIONS = "DEBUG $(inherited)";
				SWIFT_OPTIMIZATION_LEVEL = "-Onone";
			};
			name = Debug;
		};
		A9FBADC02C19DD67001D802F /* Release */ = {
			isa = XCBuildConfiguration;
			buildSettings = {
				ALWAYS_SEARCH_USER_PATHS = NO;
				ASSETCATALOG_COMPILER_GENERATE_SWIFT_ASSET_SYMBOL_EXTENSIONS = YES;
				CLANG_ANALYZER_NONNULL = YES;
				CLANG_ANALYZER_NUMBER_OBJECT_CONVERSION = YES_AGGRESSIVE;
				CLANG_CXX_LANGUAGE_STANDARD = "gnu++20";
				CLANG_ENABLE_MODULES = YES;
				CLANG_ENABLE_OBJC_ARC = YES;
				CLANG_ENABLE_OBJC_WEAK = YES;
				CLANG_WARN_BLOCK_CAPTURE_AUTORELEASING = YES;
				CLANG_WARN_BOOL_CONVERSION = YES;
				CLANG_WARN_COMMA = YES;
				CLANG_WARN_CONSTANT_CONVERSION = YES;
				CLANG_WARN_DEPRECATED_OBJC_IMPLEMENTATIONS = YES;
				CLANG_WARN_DIRECT_OBJC_ISA_USAGE = YES_ERROR;
				CLANG_WARN_DOCUMENTATION_COMMENTS = YES;
				CLANG_WARN_EMPTY_BODY = YES;
				CLANG_WARN_ENUM_CONVERSION = YES;
				CLANG_WARN_INFINITE_RECURSION = YES;
				CLANG_WARN_INT_CONVERSION = YES;
				CLANG_WARN_NON_LITERAL_NULL_CONVERSION = YES;
				CLANG_WARN_OBJC_IMPLICIT_RETAIN_SELF = YES;
				CLANG_WARN_OBJC_LITERAL_CONVERSION = YES;
				CLANG_WARN_OBJC_ROOT_CLASS = YES_ERROR;
				CLANG_WARN_QUOTED_INCLUDE_IN_FRAMEWORK_HEADER = YES;
				CLANG_WARN_RANGE_LOOP_ANALYSIS = YES;
				CLANG_WARN_STRICT_PROTOTYPES = YES;
				CLANG_WARN_SUSPICIOUS_MOVE = YES;
				CLANG_WARN_UNGUARDED_AVAILABILITY = YES_AGGRESSIVE;
				CLANG_WARN_UNREACHABLE_CODE = YES;
				CLANG_WARN__DUPLICATE_METHOD_MATCH = YES;
				COPY_PHASE_STRIP = NO;
				DEBUG_INFORMATION_FORMAT = "dwarf-with-dsym";
				ENABLE_NS_ASSERTIONS = NO;
				ENABLE_STRICT_OBJC_MSGSEND = YES;
				ENABLE_USER_SCRIPT_SANDBOXING = YES;
				GCC_C_LANGUAGE_STANDARD = gnu17;
				GCC_NO_COMMON_BLOCKS = YES;
				GCC_WARN_64_TO_32_BIT_CONVERSION = YES;
				GCC_WARN_ABOUT_RETURN_TYPE = YES_ERROR;
				GCC_WARN_UNDECLARED_SELECTOR = YES;
				GCC_WARN_UNINITIALIZED_AUTOS = YES_AGGRESSIVE;
				GCC_WARN_UNUSED_FUNCTION = YES;
				GCC_WARN_UNUSED_VARIABLE = YES;
				LOCALIZATION_PREFERS_STRING_CATALOGS = YES;
				MTL_ENABLE_DEBUG_INFO = NO;
				MTL_FAST_MATH = YES;
				SWIFT_COMPILATION_MODE = wholemodule;
			};
			name = Release;
		};
		A9FBADC22C19DD67001D802F /* Debug */ = {
			isa = XCBuildConfiguration;
			buildSettings = {
				ASSETCATALOG_COMPILER_APPICON_NAME = AppIcon;
				ASSETCATALOG_COMPILER_GLOBAL_ACCENT_COLOR_NAME = AccentColor;
				CODE_SIGN_ENTITLEMENTS = ScrabbleGame/ScrabbleGame.entitlements;
				CODE_SIGN_STYLE = Automatic;
				CURRENT_PROJECT_VERSION = 1;
				DEVELOPMENT_ASSET_PATHS = "\"ScrabbleGame/Preview Content\"";
				ENABLE_PREVIEWS = YES;
				GENERATE_INFOPLIST_FILE = YES;
				"INFOPLIST_KEY_UIApplicationSceneManifest_Generation[sdk=iphoneos*]" = YES;
				"INFOPLIST_KEY_UIApplicationSceneManifest_Generation[sdk=iphonesimulator*]" = YES;
				"INFOPLIST_KEY_UIApplicationSupportsIndirectInputEvents[sdk=iphoneos*]" = YES;
				"INFOPLIST_KEY_UIApplicationSupportsIndirectInputEvents[sdk=iphonesimulator*]" = YES;
				"INFOPLIST_KEY_UILaunchScreen_Generation[sdk=iphoneos*]" = YES;
				"INFOPLIST_KEY_UILaunchScreen_Generation[sdk=iphonesimulator*]" = YES;
				"INFOPLIST_KEY_UIStatusBarStyle[sdk=iphoneos*]" = UIStatusBarStyleDefault;
				"INFOPLIST_KEY_UIStatusBarStyle[sdk=iphonesimulator*]" = UIStatusBarStyleDefault;
				INFOPLIST_KEY_UISupportedInterfaceOrientations_iPad = "UIInterfaceOrientationPortrait UIInterfaceOrientationPortraitUpsideDown UIInterfaceOrientationLandscapeLeft UIInterfaceOrientationLandscapeRight";
				INFOPLIST_KEY_UISupportedInterfaceOrientations_iPhone = "UIInterfaceOrientationPortrait UIInterfaceOrientationLandscapeLeft UIInterfaceOrientationLandscapeRight";
				IPHONEOS_DEPLOYMENT_TARGET = 17.4;
				LD_RUNPATH_SEARCH_PATHS = "@executable_path/Frameworks";
				"LD_RUNPATH_SEARCH_PATHS[sdk=macosx*]" = "@executable_path/../Frameworks";
				MACOSX_DEPLOYMENT_TARGET = 14.4;
				MARKETING_VERSION = 1.0;
				PRODUCT_BUNDLE_IDENTIFIER = com.ScrabbleGame;
				PRODUCT_NAME = "$(TARGET_NAME)";
				SDKROOT = auto;
				SUPPORTED_PLATFORMS = "iphoneos iphonesimulator macosx";
				SWIFT_EMIT_LOC_STRINGS = YES;
				SWIFT_VERSION = 5.0;
				TARGETED_DEVICE_FAMILY = "1,2";
			};
			name = Debug;
		};
		A9FBADC32C19DD67001D802F /* Release */ = {
			isa = XCBuildConfiguration;
			buildSettings = {
				ASSETCATALOG_COMPILER_APPICON_NAME = AppIcon;
				ASSETCATALOG_COMPILER_GLOBAL_ACCENT_COLOR_NAME = AccentColor;
				CODE_SIGN_ENTITLEMENTS = ScrabbleGame/ScrabbleGame.entitlements;
				CODE_SIGN_STYLE = Automatic;
				CURRENT_PROJECT_VERSION = 1;
				DEVELOPMENT_ASSET_PATHS = "\"ScrabbleGame/Preview Content\"";
				ENABLE_PREVIEWS = YES;
				GENERATE_INFOPLIST_FILE = YES;
				"INFOPLIST_KEY_UIApplicationSceneManifest_Generation[sdk=iphoneos*]" = YES;
				"INFOPLIST_KEY_UIApplicationSceneManifest_Generation[sdk=iphonesimulator*]" = YES;
				"INFOPLIST_KEY_UIApplicationSupportsIndirectInputEvents[sdk=iphoneos*]" = YES;
				"INFOPLIST_KEY_UIApplicationSupportsIndirectInputEvents[sdk=iphonesimulator*]" = YES;
				"INFOPLIST_KEY_UILaunchScreen_Generation[sdk=iphoneos*]" = YES;
				"INFOPLIST_KEY_UILaunchScreen_Generation[sdk=iphonesimulator*]" = YES;
				"INFOPLIST_KEY_UIStatusBarStyle[sdk=iphoneos*]" = UIStatusBarStyleDefault;
				"INFOPLIST_KEY_UIStatusBarStyle[sdk=iphonesimulator*]" = UIStatusBarStyleDefault;
				INFOPLIST_KEY_UISupportedInterfaceOrientations_iPad = "UIInterfaceOrientationPortrait UIInterfaceOrientationPortraitUpsideDown UIInterfaceOrientationLandscapeLeft UIInterfaceOrientationLandscapeRight";
				INFOPLIST_KEY_UISupportedInterfaceOrientations_iPhone = "UIInterfaceOrientationPortrait UIInterfaceOrientationLandscapeLeft UIInterfaceOrientationLandscapeRight";
				IPHONEOS_DEPLOYMENT_TARGET = 17.4;
				LD_RUNPATH_SEARCH_PATHS = "@executable_path/Frameworks";
				"LD_RUNPATH_SEARCH_PATHS[sdk=macosx*]" = "@executable_path/../Frameworks";
				MACOSX_DEPLOYMENT_TARGET = 14.4;
				MARKETING_VERSION = 1.0;
				PRODUCT_BUNDLE_IDENTIFIER = com.ScrabbleGame;
				PRODUCT_NAME = "$(TARGET_NAME)";
				SDKROOT = auto;
				SUPPORTED_PLATFORMS = "iphoneos iphonesimulator macosx";
				SWIFT_EMIT_LOC_STRINGS = YES;
				SWIFT_VERSION = 5.0;
				TARGETED_DEVICE_FAMILY = "1,2";
			};
			name = Release;
		};
/* End XCBuildConfiguration section */

/* Begin XCConfigurationList section */
		A9FBADAD2C19DD66001D802F /* Build configuration list for PBXProject "ScrabbleGame" */ = {
			isa = XCConfigurationList;
			buildConfigurations = (
				A9FBADBF2C19DD67001D802F /* Debug */,
				A9FBADC02C19DD67001D802F /* Release */,
			);
			defaultConfigurationIsVisible = 0;
			defaultConfigurationName = Release;
		};
		A9FBADC12C19DD67001D802F /* Build configuration list for PBXNativeTarget "ScrabbleGame" */ = {
			isa = XCConfigurationList;
			buildConfigurations = (
				A9FBADC22C19DD67001D802F /* Debug */,
				A9FBADC32C19DD67001D802F /* Release */,
			);
			defaultConfigurationIsVisible = 0;
			defaultConfigurationName = Release;
		};
/* End XCConfigurationList section */
	};
	rootObject = A9FBADAA2C19DD66001D802F /* Project object */;
}
